# This file was autogenerated by Stack.
# You should not edit this file by hand.
# For more information, please see the documentation at:
#   https://docs.haskellstack.org/en/stable/lock_files

packages:
- completed:
    hackage: parsec-3.1.17.0@sha256:6cf18e59d9f1c5b40385457b82ab679dc18d3c5bd3c2c67b2f94e1e8732e6624,5119
    pantry-tree:
      sha256: cca87377fcfe25583e1f7aadc4971111a86c2e66002dffa304be92f294db32c8
      size: 2810
  original:
    hackage: parsec-3.1.17.0
snapshots:
- completed:
    sha256: afd5ba64ab602cabc2d3942d3d7e7dd6311bc626dcb415b901eaf576cb62f0ea
    size: 640060
    url: https://raw.githubusercontent.com/commercialhaskell/stackage-snapshots/master/lts/21/22.yaml
  original:
    url: https://raw.githubusercontent.com/commercialhaskell/stackage-snapshots/master/lts/21/22.yaml
